// !$*UTF8*$!
{
	archiveVersion = 1;
	classes = {
	};
	objectVersion = 50;
	objects = {

/* Begin PBXBuildFile section */
		41C5804C21B9E20700330D95 /* AppDelegate.swift in Sources */ = {isa = PBXBuildFile; fileRef = 41C5804B21B9E20700330D95 /* AppDelegate.swift */; };
		41C5804E21B9E20700330D95 /* MainVC.swift in Sources */ = {isa = PBXBuildFile; fileRef = 41C5804D21B9E20700330D95 /* MainVC.swift */; };
		41C5805121B9E20700330D95 /* Main.storyboard in Resources */ = {isa = PBXBuildFile; fileRef = 41C5804F21B9E20700330D95 /* Main.storyboard */; };
		41C5805321B9E20800330D95 /* Assets.xcassets in Resources */ = {isa = PBXBuildFile; fileRef = 41C5805221B9E20800330D95 /* Assets.xcassets */; };
		41C5805621B9E20800330D95 /* LaunchScreen.storyboard in Resources */ = {isa = PBXBuildFile; fileRef = 41C5805421B9E20800330D95 /* LaunchScreen.storyboard */; };
		41C5806021B9E68B00330D95 /* CurrencyTxtField.swift in Sources */ = {isa = PBXBuildFile; fileRef = 41C5805F21B9E68B00330D95 /* CurrencyTxtField.swift */; };
		41C5806821BA0E7500330D95 /* window_shopperTests.swift in Sources */ = {isa = PBXBuildFile; fileRef = 41C5806721BA0E7500330D95 /* window_shopperTests.swift */; };
		41C5807121BA0F2E00330D95 /* wage.swift in Sources */ = {isa = PBXBuildFile; fileRef = 41C5807021BA0F2E00330D95 /* wage.swift */; };
		41C5807221BA111900330D95 /* wage.swift in Sources */ = {isa = PBXBuildFile; fileRef = 41C5807021BA0F2E00330D95 /* wage.swift */; };
/* End PBXBuildFile section */

/* Begin PBXContainerItemProxy section */
		41C5806A21BA0E7500330D95 /* PBXContainerItemProxy */ = {
			isa = PBXContainerItemProxy;
			containerPortal = 41C5804021B9E20600330D95 /* Project object */;
			proxyType = 1;
			remoteGlobalIDString = 41C5804721B9E20700330D95;
			remoteInfo = "window-shopper";
		};
/* End PBXContainerItemProxy section */

/* Begin PBXFileReference section */
		41C5804821B9E20700330D95 /* window-shopper.app */ = {isa = PBXFileReference; explicitFileType = wrapper.application; includeInIndex = 0; path = "window-shopper.app"; sourceTree = BUILT_PRODUCTS_DIR; };
		41C5804B21B9E20700330D95 /* AppDelegate.swift */ = {isa = PBXFileReference; lastKnownFileType = sourcecode.swift; path = AppDelegate.swift; sourceTree = "<group>"; };
		41C5804D21B9E20700330D95 /* MainVC.swift */ = {isa = PBXFileReference; lastKnownFileType = sourcecode.swift; path = MainVC.swift; sourceTree = "<group>"; };
		41C5805021B9E20700330D95 /* Base */ = {isa = PBXFileReference; lastKnownFileType = file.storyboard; name = Base; path = Base.lproj/Main.storyboard; sourceTree = "<group>"; };
		41C5805221B9E20800330D95 /* Assets.xcassets */ = {isa = PBXFileReference; lastKnownFileType = folder.assetcatalog; path = Assets.xcassets; sourceTree = "<group>"; };
		41C5805521B9E20800330D95 /* Base */ = {isa = PBXFileReference; lastKnownFileType = file.storyboard; name = Base; path = Base.lproj/LaunchScreen.storyboard; sourceTree = "<group>"; };
		41C5805721B9E20800330D95 /* Info.plist */ = {isa = PBXFileReference; lastKnownFileType = text.plist.xml; path = Info.plist; sourceTree = "<group>"; };
		41C5805F21B9E68B00330D95 /* CurrencyTxtField.swift */ = {isa = PBXFileReference; lastKnownFileType = sourcecode.swift; path = CurrencyTxtField.swift; sourceTree = "<group>"; };
		41C5806521BA0E7500330D95 /* window-shopperTests.xctest */ = {isa = PBXFileReference; explicitFileType = wrapper.cfbundle; includeInIndex = 0; path = "window-shopperTests.xctest"; sourceTree = BUILT_PRODUCTS_DIR; };
		41C5806721BA0E7500330D95 /* window_shopperTests.swift */ = {isa = PBXFileReference; lastKnownFileType = sourcecode.swift; path = window_shopperTests.swift; sourceTree = "<group>"; };
		41C5806921BA0E7500330D95 /* Info.plist */ = {isa = PBXFileReference; lastKnownFileType = text.plist.xml; path = Info.plist; sourceTree = "<group>"; };
		41C5807021BA0F2E00330D95 /* wage.swift */ = {isa = PBXFileReference; lastKnownFileType = sourcecode.swift; path = wage.swift; sourceTree = "<group>"; };
/* End PBXFileReference section */

/* Begin PBXFrameworksBuildPhase section */
		41C5804521B9E20700330D95 /* Frameworks */ = {
			isa = PBXFrameworksBuildPhase;
			buildActionMask = 2147483647;
			files = (
			);
			runOnlyForDeploymentPostprocessing = 0;
		};
		41C5806221BA0E7500330D95 /* Frameworks */ = {
			isa = PBXFrameworksBuildPhase;
			buildActionMask = 2147483647;
			files = (
			);
			runOnlyForDeploymentPostprocessing = 0;
		};
/* End PBXFrameworksBuildPhase section */

/* Begin PBXGroup section */
		41C5803F21B9E20600330D95 = {
			isa = PBXGroup;
			children = (
				41C5804A21B9E20700330D95 /* window-shopper */,
				41C5806621BA0E7500330D95 /* window-shopperTests */,
				41C5804921B9E20700330D95 /* Products */,
			);
			sourceTree = "<group>";
		};
		41C5804921B9E20700330D95 /* Products */ = {
			isa = PBXGroup;
			children = (
				41C5804821B9E20700330D95 /* window-shopper.app */,
				41C5806521BA0E7500330D95 /* window-shopperTests.xctest */,
			);
			name = Products;
			sourceTree = "<group>";
		};
		41C5804A21B9E20700330D95 /* window-shopper */ = {
			isa = PBXGroup;
			children = (
				41C5806F21BA0EDA00330D95 /* Model */,
				41C5805E21B9E63000330D95 /* Views */,
				41C5805D21B9E40900330D95 /* Controller */,
				41C5804B21B9E20700330D95 /* AppDelegate.swift */,
				41C5804F21B9E20700330D95 /* Main.storyboard */,
				41C5805221B9E20800330D95 /* Assets.xcassets */,
				41C5805421B9E20800330D95 /* LaunchScreen.storyboard */,
				41C5805721B9E20800330D95 /* Info.plist */,
			);
			path = "window-shopper";
			sourceTree = "<group>";
		};
		41C5805D21B9E40900330D95 /* Controller */ = {
			isa = PBXGroup;
			children = (
				41C5804D21B9E20700330D95 /* MainVC.swift */,
			);
			path = Controller;
			sourceTree = "<group>";
		};
		41C5805E21B9E63000330D95 /* Views */ = {
			isa = PBXGroup;
			children = (
				41C5805F21B9E68B00330D95 /* CurrencyTxtField.swift */,
			);
			path = Views;
			sourceTree = "<group>";
		};
		41C5806621BA0E7500330D95 /* window-shopperTests */ = {
			isa = PBXGroup;
			children = (
				41C5806721BA0E7500330D95 /* window_shopperTests.swift */,
				41C5806921BA0E7500330D95 /* Info.plist */,
			);
			path = "window-shopperTests";
			sourceTree = "<group>";
		};
		41C5806F21BA0EDA00330D95 /* Model */ = {
			isa = PBXGroup;
			children = (
				41C5807021BA0F2E00330D95 /* wage.swift */,
			);
			path = Model;
			sourceTree = "<group>";
		};
/* End PBXGroup section */

/* Begin PBXNativeTarget section */
		41C5804721B9E20700330D95 /* window-shopper */ = {
			isa = PBXNativeTarget;
			buildConfigurationList = 41C5805A21B9E20800330D95 /* Build configuration list for PBXNativeTarget "window-shopper" */;
			buildPhases = (
				41C5804421B9E20700330D95 /* Sources */,
				41C5804521B9E20700330D95 /* Frameworks */,
				41C5804621B9E20700330D95 /* Resources */,
			);
			buildRules = (
			);
			dependencies = (
			);
			name = "window-shopper";
			productName = "window-shopper";
			productReference = 41C5804821B9E20700330D95 /* window-shopper.app */;
			productType = "com.apple.product-type.application";
		};
		41C5806421BA0E7500330D95 /* window-shopperTests */ = {
			isa = PBXNativeTarget;
			buildConfigurationList = 41C5806C21BA0E7500330D95 /* Build configuration list for PBXNativeTarget "window-shopperTests" */;
			buildPhases = (
				41C5806121BA0E7500330D95 /* Sources */,
				41C5806221BA0E7500330D95 /* Frameworks */,
				41C5806321BA0E7500330D95 /* Resources */,
			);
			buildRules = (
			);
			dependencies = (
				41C5806B21BA0E7500330D95 /* PBXTargetDependency */,
			);
			name = "window-shopperTests";
			productName = "window-shopperTests";
			productReference = 41C5806521BA0E7500330D95 /* window-shopperTests.xctest */;
			productType = "com.apple.product-type.bundle.unit-test";
		};
/* End PBXNativeTarget section */

/* Begin PBXProject section */
		41C5804021B9E20600330D95 /* Project object */ = {
			isa = PBXProject;
			attributes = {
				LastSwiftUpdateCheck = 1010;
				LastUpgradeCheck = 1010;
				ORGANIZATIONNAME = "ali ";
				TargetAttributes = {
					41C5804721B9E20700330D95 = {
						CreatedOnToolsVersion = 10.1;
					};
					41C5806421BA0E7500330D95 = {
						CreatedOnToolsVersion = 10.1;
						TestTargetID = 41C5804721B9E20700330D95;
					};
				};
			};
			buildConfigurationList = 41C5804321B9E20600330D95 /* Build configuration list for PBXProject "window-shopper" */;
			compatibilityVersion = "Xcode 9.3";
			developmentRegion = en;
			hasScannedForEncodings = 0;
			knownRegions = (
				en,
				Base,
			);
			mainGroup = 41C5803F21B9E20600330D95;
			productRefGroup = 41C5804921B9E20700330D95 /* Products */;
			projectDirPath = "";
			projectRoot = "";
			targets = (
				41C5804721B9E20700330D95 /* window-shopper */,
				41C5806421BA0E7500330D95 /* window-shopperTests */,
			);
		};
/* End PBXProject section */

/* Begin PBXResourcesBuildPhase section */
		41C5804621B9E20700330D95 /* Resources */ = {
			isa = PBXResourcesBuildPhase;
			buildActionMask = 2147483647;
			files = (
				41C5805621B9E20800330D95 /* LaunchScreen.storyboard in Resources */,
				41C5805321B9E20800330D95 /* Assets.xcassets in Resources */,
				41C5805121B9E20700330D95 /* Main.storyboard in Resources */,
			);
			runOnlyForDeploymentPostprocessing = 0;
		};
		41C5806321BA0E7500330D95 /* Resources */ = {
			isa = PBXResourcesBuildPhase;
			buildActionMask = 2147483647;
			files = (
			);
			runOnlyForDeploymentPostprocessing = 0;
		};
/* End PBXResourcesBuildPhase section */

/* Begin PBXSourcesBuildPhase section */
		41C5804421B9E20700330D95 /* Sources */ = {
			isa = PBXSourcesBuildPhase;
			buildActionMask = 2147483647;
			files = (
				41C5806021B9E68B00330D95 /* CurrencyTxtField.swift in Sources */,
				41C5807121BA0F2E00330D95 /* wage.swift in Sources */,
				41C5804E21B9E20700330D95 /* MainVC.swift in Sources */,
				41C5804C21B9E20700330D95 /* AppDelegate.swift in Sources */,
			);
			runOnlyForDeploymentPostprocessing = 0;
		};
		41C5806121BA0E7500330D95 /* Sources */ = {
			isa = PBXSourcesBuildPhase;
			buildActionMask = 2147483647;
			files = (
				41C5806821BA0E7500330D95 /* window_shopperTests.swift in Sources */,
				41C5807221BA111900330D95 /* wage.swift in Sources */,
			);
			runOnlyForDeploymentPostprocessing = 0;
		};
/* End PBXSourcesBuildPhase section */

/* Begin PBXTargetDependency section */
		41C5806B21BA0E7500330D95 /* PBXTargetDependency */ = {
			isa = PBXTargetDependency;
			target = 41C5804721B9E20700330D95 /* window-shopper */;
			targetProxy = 41C5806A21BA0E7500330D95 /* PBXContainerItemProxy */;
		};
/* End PBXTargetDependency section */

/* Begin PBXVariantGroup section */
		41C5804F21B9E20700330D95 /* Main.storyboard */ = {
			isa = PBXVariantGroup;
			children = (
				41C5805021B9E20700330D95 /* Base */,
			);
			name = Main.storyboard;
			sourceTree = "<group>";
		};
		41C5805421B9E20800330D95 /* LaunchScreen.storyboard */ = {
			isa = PBXVariantGroup;
			children = (
				41C5805521B9E20800330D95 /* Base */,
			);
			name = LaunchScreen.storyboard;
			sourceTree = "<group>";
		};
/* End PBXVariantGroup section */

/* Begin XCBuildConfiguration section */
		41C5805821B9E20800330D95 /* Debug */ = {
			isa = XCBuildConfiguration;
			buildSettings = {
				ALWAYS_SEARCH_USER_PATHS = NO;
				CLANG_ANALYZER_NONNULL = YES;
				CLANG_ANALYZER_NUMBER_OBJECT_CONVERSION = YES_AGGRESSIVE;
				CLANG_CXX_LANGUAGE_STANDARD = "gnu++14";
				CLANG_CXX_LIBRARY = "libc++";
				CLANG_ENABLE_MODULES = YES;
				CLANG_ENABLE_OBJC_ARC = YES;
				CLANG_ENABLE_OBJC_WEAK = YES;
				CLANG_WARN_BLOCK_CAPTURE_AUTORELEASING = YES;
				CLANG_WARN_BOOL_CONVERSION = YES;
				CLANG_WARN_COMMA = YES;
				CLANG_WARN_CONSTANT_CONVERSION = YES;
				CLANG_WARN_DEPRECATED_OBJC_IMPLEMENTATIONS = YES;
				CLANG_WARN_DIRECT_OBJC_ISA_USAGE = YES_ERROR;
				CLANG_WARN_DOCUMENTATION_COMMENTS = YES;
				CLANG_WARN_EMPTY_BODY = YES;
				CLANG_WARN_ENUM_CONVERSION = YES;
				CLANG_WARN_INFINITE_RECURSION = YES;
				CLANG_WARN_INT_CONVERSION = YES;
				CLANG_WARN_NON_LITERAL_NULL_CONVERSION = YES;
				CLANG_WARN_OBJC_IMPLICIT_RETAIN_SELF = YES;
				CLANG_WARN_OBJC_LITERAL_CONVERSION = YES;
				CLANG_WARN_OBJC_ROOT_CLASS = YES_ERROR;
				CLANG_WARN_RANGE_LOOP_ANALYSIS = YES;
				CLANG_WARN_STRICT_PROTOTYPES = YES;
				CLANG_WARN_SUSPICIOUS_MOVE = YES;
				CLANG_WARN_UNGUARDED_AVAILABILITY = YES_AGGRESSIVE;
				CLANG_WARN_UNREACHABLE_CODE = YES;
				CLANG_WARN__DUPLICATE_METHOD_MATCH = YES;
				CODE_SIGN_IDENTITY = "iPhone Developer";
				COPY_PHASE_STRIP = NO;
				DEBUG_INFORMATION_FORMAT = dwarf;
				ENABLE_STRICT_OBJC_MSGSEND = YES;
				ENABLE_TESTABILITY = YES;
				GCC_C_LANGUAGE_STANDARD = gnu11;
				GCC_DYNAMIC_NO_PIC = NO;
				GCC_NO_COMMON_BLOCKS = YES;
				GCC_OPTIMIZATION_LEVEL = 0;
				GCC_PREPROCESSOR_DEFINITIONS = (
					"DEBUG=1",
					"$(inherited)",
				);
				GCC_WARN_64_TO_32_BIT_CONVERSION = YES;
				GCC_WARN_ABOUT_RETURN_TYPE = YES_ERROR;
				GCC_WARN_UNDECLARED_SELECTOR = YES;
				GCC_WARN_UNINITIALIZED_AUTOS = YES_AGGRESSIVE;
				GCC_WARN_UNUSED_FUNCTION = YES;
				GCC_WARN_UNUSED_VARIABLE = YES;
				IPHONEOS_DEPLOYMENT_TARGET = 12.1;
				MTL_ENABLE_DEBUG_INFO = INCLUDE_SOURCE;
				MTL_FAST_MATH = YES;
				ONLY_ACTIVE_ARCH = YES;
				SDKROOT = iphoneos;
				SWIFT_ACTIVE_COMPILATION_CONDITIONS = DEBUG;
				SWIFT_OPTIMIZATION_LEVEL = "-Onone";
			};
			name = Debug;
		};
		41C5805921B9E20800330D95 /* Release */ = {
			isa = XCBuildConfiguration;
			buildSettings = {
				ALWAYS_SEARCH_USER_PATHS = NO;
				CLANG_ANALYZER_NONNULL = YES;
				CLANG_ANALYZER_NUMBER_OBJECT_CONVERSION = YES_AGGRESSIVE;
				CLANG_CXX_LANGUAGE_STANDARD = "gnu++14";
				CLANG_CXX_LIBRARY = "libc++";
				CLANG_ENABLE_MODULES = YES;
				CLANG_ENABLE_OBJC_ARC = YES;
				CLANG_ENABLE_OBJC_WEAK = YES;
				CLANG_WARN_BLOCK_CAPTURE_AUTORELEASING = YES;
				CLANG_WARN_BOOL_CONVERSION = YES;
				CLANG_WARN_COMMA = YES;
				CLANG_WARN_CONSTANT_CONVERSION = YES;
				CLANG_WARN_DEPRECATED_OBJC_IMPLEMENTATIONS = YES;
				CLANG_WARN_DIRECT_OBJC_ISA_USAGE = YES_ERROR;
				CLANG_WARN_DOCUMENTATION_COMMENTS = YES;
				CLANG_WARN_EMPTY_BODY = YES;
				CLANG_WARN_ENUM_CONVERSION = YES;
				CLANG_WARN_INFINITE_RECURSION = YES;
				CLANG_WARN_INT_CONVERSION = YES;
				CLANG_WARN_NON_LITERAL_NULL_CONVERSION = YES;
				CLANG_WARN_OBJC_IMPLICIT_RETAIN_SELF = YES;
				CLANG_WARN_OBJC_LITERAL_CONVERSION = YES;
				CLANG_WARN_OBJC_ROOT_CLASS = YES_ERROR;
				CLANG_WARN_RANGE_LOOP_ANALYSIS = YES;
				CLANG_WARN_STRICT_PROTOTYPES = YES;
				CLANG_WARN_SUSPICIOUS_MOVE = YES;
				CLANG_WARN_UNGUARDED_AVAILABILITY = YES_AGGRESSIVE;
				CLANG_WARN_UNREACHABLE_CODE = YES;
				CLANG_WARN__DUPLICATE_METHOD_MATCH = YES;
				CODE_SIGN_IDENTITY = "iPhone Developer";
				COPY_PHASE_STRIP = NO;
				DEBUG_INFORMATION_FORMAT = "dwarf-with-dsym";
				ENABLE_NS_ASSERTIONS = NO;
				ENABLE_STRICT_OBJC_MSGSEND = YES;
				GCC_C_LANGUAGE_STANDARD = gnu11;
				GCC_NO_COMMON_BLOCKS = YES;
				GCC_WARN_64_TO_32_BIT_CONVERSION = YES;
				GCC_WARN_ABOUT_RETURN_TYPE = YES_ERROR;
				GCC_WARN_UNDECLARED_SELECTOR = YES;
				GCC_WARN_UNINITIALIZED_AUTOS = YES_AGGRESSIVE;
				GCC_WARN_UNUSED_FUNCTION = YES;
				GCC_WARN_UNUSED_VARIABLE = YES;
				IPHONEOS_DEPLOYMENT_TARGET = 12.1;
				MTL_ENABLE_DEBUG_INFO = NO;
				MTL_FAST_MATH = YES;
				SDKROOT = iphoneos;
				SWIFT_COMPILATION_MODE = wholemodule;
				SWIFT_OPTIMIZATION_LEVEL = "-O";
				VALIDATE_PRODUCT = YES;
			};
			name = Release;
		};
		41C5805B21B9E20800330D95 /* Debug */ = {
			isa = XCBuildConfiguration;
			buildSettings = {
				ASSETCATALOG_COMPILER_APPICON_NAME = AppIcon;
				CODE_SIGN_STYLE = Automatic;
				INFOPLIST_FILE = "window-shopper/Info.plist";
				LD_RUNPATH_SEARCH_PATHS = (
					"$(inherited)",
					"@executable_path/Frameworks",
				);
				PRODUCT_BUNDLE_IDENTIFIER = "com.hello.window-shopper";
				PRODUCT_NAME = "$(TARGET_NAME)";
				SWIFT_VERSION = 4.2;
				TARGETED_DEVICE_FAMILY = "1,2";
			};
			name = Debug;
		};
		41C5805C21B9E20800330D95 /* Release */ = {
			isa = XCBuildConfiguration;
			buildSettings = {
				ASSETCATALOG_COMPILER_APPICON_NAME = AppIcon;
				CODE_SIGN_STYLE = Automatic;
				INFOPLIST_FILE = "window-shopper/Info.plist";
				LD_RUNPATH_SEARCH_PATHS = (
					"$(inherited)",
					"@executable_path/Frameworks",
				);
				PRODUCT_BUNDLE_IDENTIFIER = "com.hello.window-shopper";
				PRODUCT_NAME = "$(TARGET_NAME)";
				SWIFT_VERSION = 4.2;
				TARGETED_DEVICE_FAMILY = "1,2";
			};
			name = Release;
		};
		41C5806D21BA0E7500330D95 /* Debug */ = {
			isa = XCBuildConfiguration;
			buildSettings = {
				BUNDLE_LOADER = "$(TEST_HOST)";
				CODE_SIGN_STYLE = Automatic;
				INFOPLIST_FILE = "window-shopperTests/Info.plist";
				LD_RUNPATH_SEARCH_PATHS = (
					"$(inherited)",
					"@executable_path/Frameworks",
					"@loader_path/Frameworks",
				);
				PRODUCT_BUNDLE_IDENTIFIER = "com.hello.window-shopperTests";
				PRODUCT_NAME = "$(TARGET_NAME)";
				SWIFT_VERSION = 4.2;
				TARGETED_DEVICE_FAMILY = "1,2";
				TEST_HOST = "$(BUILT_PRODUCTS_DIR)/window-shopper.app/window-shopper";
			};
			name = Debug;
		};
		41C5806E21BA0E7500330D95 /* Release */ = {
			isa = XCBuildConfiguration;
			buildSettings = {
				BUNDLE_LOADER = "$(TEST_HOST)";
				CODE_SIGN_STYLE = Automatic;
				INFOPLIST_FILE = "window-shopperTests/Info.plist";
				LD_RUNPATH_SEARCH_PATHS = (
					"$(inherited)",
					"@executable_path/Frameworks",
					"@loader_path/Frameworks",
				);
				PRODUCT_BUNDLE_IDENTIFIER = "com.hello.window-shopperTests";
				PRODUCT_NAME = "$(TARGET_NAME)";
				SWIFT_VERSION = 4.2;
				TARGETED_DEVICE_FAMILY = "1,2";
				TEST_HOST = "$(BUILT_PRODUCTS_DIR)/window-shopper.app/window-shopper";
			};
			name = Release;
		};
/* End XCBuildConfiguration section */

/* Begin XCConfigurationList section */
		41C5804321B9E20600330D95 /* Build configuration list for PBXProject "window-shopper" */ = {
			isa = XCConfigurationList;
			buildConfigurations = (
				41C5805821B9E20800330D95 /* Debug */,
				41C5805921B9E20800330D95 /* Release */,
			);
			defaultConfigurationIsVisible = 0;
			defaultConfigurationName = Release;
		};
		41C5805A21B9E20800330D95 /* Build configuration list for PBXNativeTarget "window-shopper" */ = {
			isa = XCConfigurationList;
			buildConfigurations = (
				41C5805B21B9E20800330D95 /* Debug */,
				41C5805C21B9E20800330D95 /* Release */,
			);
			defaultConfigurationIsVisible = 0;
			defaultConfigurationName = Release;
		};
		41C5806C21BA0E7500330D95 /* Build configuration list for PBXNativeTarget "window-shopperTests" */ = {
			isa = XCConfigurationList;
			buildConfigurations = (
				41C5806D21BA0E7500330D95 /* Debug */,
				41C5806E21BA0E7500330D95 /* Release */,
			);
			defaultConfigurationIsVisible = 0;
			defaultConfigurationName = Release;
		};
/* End XCConfigurationList section */
	};
	rootObject = 41C5804021B9E20600330D95 /* Project object */;
}
